
Microsoft Visual Studio Solution File, Format Version 12.00
# Visual Studio Version 17
VisualStudioVersion = 17.9.34321.82
MinimumVisualStudioVersion = 10.0.40219.1
Project("{9A19103F-16F7-4668-BE54-9A1E7A4F7556}") = "TopSecret", "TopSecret\TopSecret.csproj", "{EDB82333-3BB9-491B-894C-FCB42D3911FD}"
EndProject
Project("{FAE04EC0-301F-11D3-BF4B-00C04F79EFBC}") = "TopSecret.Tests", "TopSecret.Tests\TopSecret.Tests.csproj", "{3528E115-4B9E-453E-A20F-CBB76DD7197D}"
EndProject
Project("{FAE04EC0-301F-11D3-BF4B-00C04F79EFBC}") = "TopSecret.Core", "TopSecret.Core\TopSecret.Core.csproj", "{5F0B47C0-4F47-4AEB-888E-5826EF0D8672}"
EndProject
Project("{2150E333-8FDC-42A3-9474-1A3956D46DE8}") = "Solution Items", "Solution Items", "{B9A6C8D4-D46E-400A-8A4F-9EF53A9E3D18}"
	ProjectSection(SolutionItems) = preProject
		README.md = README.md
	EndProjectSection
EndProject
Global
	GlobalSection(SolutionConfigurationPlatforms) = preSolution
		Debug|Any CPU = Debug|Any CPU
		Release|Any CPU = Release|Any CPU
	EndGlobalSection
	GlobalSection(ProjectConfigurationPlatforms) = postSolution
		{EDB82333-3BB9-491B-894C-FCB42D3911FD}.Debug|Any CPU.ActiveCfg = Debug|Any CPU
		{EDB82333-3BB9-491B-894C-FCB42D3911FD}.Debug|Any CPU.Build.0 = Debug|Any CPU
		{EDB82333-3BB9-491B-894C-FCB42D3911FD}.Debug|Any CPU.Deploy.0 = Debug|Any CPU
		{EDB82333-3BB9-491B-894C-FCB42D3911FD}.Release|Any CPU.ActiveCfg = Release|Any CPU
		{EDB82333-3BB9-491B-894C-FCB42D3911FD}.Release|Any CPU.Build.0 = Release|Any CPU
		{EDB82333-3BB9-491B-894C-FCB42D3911FD}.Release|Any CPU.Deploy.0 = Release|Any CPU
		{3528E115-4B9E-453E-A20F-CBB76DD7197D}.Debug|Any CPU.ActiveCfg = Debug|Any CPU
		{3528E115-4B9E-453E-A20F-CBB76DD7197D}.Debug|Any CPU.Build.0 = Debug|Any CPU
		{3528E115-4B9E-453E-A20F-CBB76DD7197D}.Release|Any CPU.ActiveCfg = Release|Any CPU
		{3528E115-4B9E-453E-A20F-CBB76DD7197D}.Release|Any CPU.Build.0 = Release|Any CPU
		{5F0B47C0-4F47-4AEB-888E-5826EF0D8672}.Debug|Any CPU.ActiveCfg = Debug|Any CPU
		{5F0B47C0-4F47-4AEB-888E-5826EF0D8672}.Debug|Any CPU.Build.0 = Debug|Any CPU
		{5F0B47C0-4F47-4AEB-888E-5826EF0D8672}.Release|Any CPU.ActiveCfg = Release|Any CPU
		{5F0B47C0-4F47-4AEB-888E-5826EF0D8672}.Release|Any CPU.Build.0 = Release|Any CPU
	EndGlobalSection
	GlobalSection(SolutionProperties) = preSolution
		HideSolutionNode = FALSE
	EndGlobalSection
	GlobalSection(ExtensibilityGlobals) = postSolution
		SolutionGuid = {795FAADE-0F33-4C4D-8382-48F483F90627}
	EndGlobalSection
EndGlobal
